#MicroXplorer Configuration settings - do not modify
Mcu.Family=STM32F0
ProjectManager.MainLocation=Src
RCC.MCOFreq_Value=48000000
PA6.Mode=Full_Duplex_Slave
Dma.SPI1_TX.0.MemInc=DMA_MINC_ENABLE
RCC.USART1Freq_Value=48000000
SPI2.VirtualNSS=VM_NSSHARD
Dma.SPI1_TX.0.PeriphInc=DMA_PINC_DISABLE
USART2.IPParameters=VirtualMode-Asynchronous
ProjectManager.KeepUserCode=true
Mcu.UserName=STM32F030CCTx
SPI1.VirtualType=VM_SLAVE
SPI2.VirtualType=VM_SLAVE
RCC.PLLCLKFreq_Value=48000000
PA0.GPIO_Label=deviceID0
ProjectManager.functionlistsort=1-MX_GPIO_Init-GPIO-false-HAL-true,2-MX_DMA_Init-DMA-false-HAL-true,3-SystemClock_Config-RCC-false-HAL-false,4-MX_SPI1_Init-SPI1-false-HAL-true,5-MX_SPI2_Init-SPI2-false-HAL-true,6-MX_USART2_UART_Init-USART2-false-HAL-true
Dma.SPI2_TX.1.PeriphInc=DMA_PINC_DISABLE
PB0.GPIO_Label=led0
NVIC.SVC_IRQn=true\:0\:0\:false\:false\:false\:false\:false\:false
SPI1.TIMode=SPI_TIMODE_DISABLE
PB13.Signal=SPI2_SCK
PB15.Signal=SPI2_MOSI
PinOutPanel.RotationAngle=0
RCC.SYSCLKSource=RCC_SYSCLKSOURCE_PLLCLK
ProjectManager.StackSize=0x400
Dma.SPI2_TX.1.RequestParameters=Instance,Direction,PeriphInc,MemInc,PeriphDataAlignment,MemDataAlignment,Mode,Priority
Mcu.IP4=SPI1
RCC.FCLKCortexFreq_Value=48000000
Mcu.IP5=SPI2
Mcu.IP2=NVIC
Mcu.IP3=RCC
Mcu.IP0=DMA
Mcu.IP1=FREERTOS
Mcu.UserConstants=
PA4.Mode=NSS_Signal_Hard_Input
Mcu.ThirdPartyNb=0
SPI1.Direction=SPI_DIRECTION_2LINES
RCC.HCLKFreq_Value=48000000
Mcu.IPNb=8
ProjectManager.PreviousToolchain=
Mcu.Pin6=PA6
Mcu.Pin7=PA7
Mcu.Pin8=PB0
Mcu.Pin9=PB1
Dma.SPI2_RX.3.Priority=DMA_PRIORITY_HIGH
FREERTOS.IPParameters=Tasks01,FootprintOK,configTOTAL_HEAP_SIZE
RCC.AHBFreq_Value=48000000
PB13.Locked=true
Mcu.Pin0=PA0
Mcu.Pin1=PA1
GPIO.groupedBy=Group By Peripherals
Mcu.Pin2=PA2
Mcu.Pin3=PA3
Mcu.Pin4=PA4
Mcu.Pin5=PA5
ProjectManager.ProjectBuild=false
PA0.Locked=true
USART2.VirtualMode-Asynchronous=VM_ASYNC
NVIC.SysTick_IRQn=true\:3\:0\:false\:false\:false\:true\:false\:true
RCC.PLLMUL=RCC_PLL_MUL6
ProjectManager.FirmwarePackage=STM32Cube FW_F0 V1.11.0
MxDb.Version=DB.5.0.60
PB0.GPIOParameters=GPIO_Label
Dma.SPI1_RX.2.Direction=DMA_PERIPH_TO_MEMORY
PA1.GPIOParameters=GPIO_Label
Dma.SPI1_RX.2.MemDataAlignment=DMA_MDATAALIGN_BYTE
ProjectManager.BackupPrevious=false
PA14.Mode=Serial_Wire
PB14.Mode=Full_Duplex_Slave
VP_SYS_VS_tim1.Mode=TIM1
PB1.GPIO_Label=led1
Dma.SPI2_RX.3.PeriphDataAlignment=DMA_PDATAALIGN_BYTE
SPI1.DataSize=SPI_DATASIZE_8BIT
File.Version=6
SPI1.VirtualNSS=VM_NSSHARD
NVIC.PendSV_IRQn=true\:3\:0\:false\:false\:false\:true\:false\:false
VP_FREERTOS_VS_CMSIS_V1.Mode=CMSIS_V1
Dma.RequestsNb=4
ProjectManager.HalAssertFull=false
PB0.Locked=true
FREERTOS.configTOTAL_HEAP_SIZE=8192
ProjectManager.ProjectName=stm32f030cc
PA0.Signal=GPIO_Input
RCC.PLLMCOFreq_Value=48000000
Dma.SPI1_TX.0.Mode=DMA_NORMAL
Mcu.Package=LQFP48
PB1.Signal=GPIO_Output
PA6.Signal=SPI1_MISO
PB12.Mode=NSS_Signal_Hard_Input
Dma.SPI2_TX.1.Mode=DMA_NORMAL
NVIC.TimeBase=TIM1_BRK_UP_TRG_COM_IRQn
SPI2.Mode=SPI_MODE_SLAVE
ProjectManager.ToolChainLocation=
NVIC.TimeBaseIP=TIM1
FREERTOS.FootprintOK=true
Dma.SPI2_TX.1.Instance=DMA1_Channel5
Dma.SPI2_RX.3.Mode=DMA_NORMAL
Dma.Request2=SPI1_RX
Dma.SPI1_RX.2.Priority=DMA_PRIORITY_HIGH
Dma.Request1=SPI2_TX
RCC.APB1TimFreq_Value=48000000
Dma.Request3=SPI2_RX
Dma.SPI1_RX.2.Mode=DMA_NORMAL
Dma.SPI2_RX.3.PeriphInc=DMA_PINC_DISABLE
SPI2.Direction=SPI_DIRECTION_2LINES
PB13.Mode=Full_Duplex_Slave
Dma.Request0=SPI1_TX
ProjectManager.CustomerFirmwarePackage=
PA3.Signal=USART2_RX
PA5.Mode=Full_Duplex_Slave
PA2.Locked=true
Dma.SPI2_TX.1.MemInc=DMA_MINC_ENABLE
ProjectManager.ProjectFileName=stm32f030cc.ioc
FREERTOS.Tasks01=defaultTask,0,128,StartDefaultTask,Default,NULL,Dynamic,NULL,NULL;ledTask,0,128,ledFunc,Default,NULL,Dynamic,NULL,NULL;spiRecTask,2,512,spiRecFunc,Default,NULL,Dynamic,NULL,NULL;spiTraTask,1,512,spiTraFunc,Default,NULL,Dynamic,NULL,NULL
PA7.Mode=Full_Duplex_Slave
Mcu.PinsNb=18
ProjectManager.NoMain=false
SPI1.IPParameters=VirtualType,Mode,Direction,VirtualNSS,DataSize,TIMode,CRCCalculation
Dma.SPI2_RX.3.MemDataAlignment=DMA_MDATAALIGN_BYTE
ProjectManager.DefaultFWLocation=true
ProjectManager.DeletePrevious=true
RCC.FamilyName=M
Dma.SPI1_RX.2.Instance=DMA1_Channel2
Dma.SPI2_RX.3.MemInc=DMA_MINC_ENABLE
PA13.Signal=SYS_SWDIO
PA3.Mode=Asynchronous
VP_FREERTOS_VS_CMSIS_V1.Signal=FREERTOS_VS_CMSIS_V1
Dma.SPI1_TX.0.RequestParameters=Instance,Direction,PeriphInc,MemInc,PeriphDataAlignment,MemDataAlignment,Mode,Priority
ProjectManager.TargetToolchain=Makefile
Dma.SPI1_TX.0.PeriphDataAlignment=DMA_PDATAALIGN_BYTE
Dma.SPI1_TX.0.Direction=DMA_MEMORY_TO_PERIPH
SPI2.IPParameters=VirtualType,Mode,Direction,VirtualNSS,DataSize
PA1.Signal=GPIO_Input
PB1.Locked=true
PB14.Signal=SPI2_MISO
PA5.Signal=SPI1_SCK
board=custom
Dma.SPI2_TX.1.Direction=DMA_MEMORY_TO_PERIPH
Dma.SPI2_RX.3.Instance=DMA1_Channel4
ProjectManager.LastFirmware=true
PB15.Mode=Full_Duplex_Slave
NVIC.DMA1_Channel4_5_IRQn=true\:3\:0\:false\:false\:true\:true\:false\:true
RCC.VCOOutput2Freq_Value=8000000
SPI1.CRCCalculation=SPI_CRCCALCULATION_DISABLE
Dma.SPI2_TX.1.PeriphDataAlignment=DMA_PDATAALIGN_BYTE
MxCube.Version=5.6.0
VP_SYS_VS_tim1.Signal=SYS_VS_tim1
SPI1.Mode=SPI_MODE_SLAVE
Dma.SPI2_TX.1.Priority=DMA_PRIORITY_MEDIUM
PA1.GPIO_Label=deviceID1
Dma.SPI1_TX.0.Instance=DMA1_Channel3
NVIC.NonMaskableInt_IRQn=true\:0\:0\:false\:false\:true\:false\:false\:false
PA13.Mode=Serial_Wire
ProjectManager.FreePins=false
RCC.IPParameters=AHBFreq_Value,APB1Freq_Value,APB1TimFreq_Value,FCLKCortexFreq_Value,FamilyName,HCLKFreq_Value,MCOFreq_Value,PLLCLKFreq_Value,PLLMCOFreq_Value,PLLMUL,SYSCLKFreq_VALUE,SYSCLKSource,TimSysFreq_Value,USART1Freq_Value,VCOOutput2Freq_Value
ProjectManager.AskForMigrate=true
Mcu.Name=STM32F030CCTx
Dma.SPI1_RX.2.PeriphDataAlignment=DMA_PDATAALIGN_BYTE
PA2.Signal=USART2_TX
ProjectManager.UnderRoot=false
Dma.SPI1_RX.2.MemInc=DMA_MINC_ENABLE
Mcu.IP6=SYS
Mcu.IP7=USART2
ProjectManager.CoupleFile=false
PA4.Signal=SPI1_NSS
RCC.SYSCLKFreq_VALUE=48000000
RCC.TimSysFreq_Value=48000000
PA1.Locked=true
PA3.Locked=true
NVIC.ForceEnableDMAVector=true
KeepUserPlacement=false
Dma.SPI2_RX.3.RequestParameters=Instance,Direction,PeriphInc,MemInc,PeriphDataAlignment,MemDataAlignment,Mode,Priority
ProjectManager.CompilerOptimize=6
PA14.Signal=SYS_SWCLK
ProjectManager.HeapSize=0x200
Dma.SPI1_TX.0.Priority=DMA_PRIORITY_MEDIUM
Dma.SPI1_TX.0.MemDataAlignment=DMA_MDATAALIGN_BYTE
Mcu.Pin15=PA14
PA0.GPIOParameters=GPIO_Label
NVIC.HardFault_IRQn=true\:0\:0\:false\:false\:true\:false\:false\:false
Mcu.Pin16=VP_FREERTOS_VS_CMSIS_V1
Mcu.Pin13=PB15
Mcu.Pin14=PA13
ProjectManager.ComputerToolchain=false
Mcu.Pin17=VP_SYS_VS_tim1
Dma.SPI1_RX.2.RequestParameters=Instance,Direction,PeriphInc,MemInc,PeriphDataAlignment,MemDataAlignment,Mode,Priority
Mcu.Pin11=PB13
Mcu.Pin12=PB14
Mcu.Pin10=PB12
NVIC.DMA1_Channel2_3_IRQn=true\:3\:0\:false\:false\:true\:true\:false\:true
PA2.Mode=Asynchronous
SPI2.DataSize=SPI_DATASIZE_8BIT
RCC.APB1Freq_Value=48000000
PB0.Signal=GPIO_Output
Dma.SPI1_RX.2.PeriphInc=DMA_PINC_DISABLE
NVIC.TIM1_BRK_UP_TRG_COM_IRQn=true\:0\:0\:false\:false\:true\:false\:false\:true
Dma.SPI2_TX.1.MemDataAlignment=DMA_MDATAALIGN_BYTE
ProjectManager.DeviceId=STM32F030CCTx
Dma.SPI2_RX.3.Direction=DMA_PERIPH_TO_MEMORY
PB12.Signal=SPI2_NSS
ProjectManager.LibraryCopy=0
PB1.GPIOParameters=GPIO_Label
PA7.Signal=SPI1_MOSI
